
Microsoft Visual Studio Solution File, Format Version 12.00
# Visual Studio Version 17
VisualStudioVersion = 17.4.33205.214
MinimumVisualStudioVersion = 10.0.40219.1
Project("{9A19103F-16F7-4668-BE54-9A1E7A4F7556}") = "ProfessionalWebsite.Server", "ProfessionalWebsite\Server\ProfessionalWebsite.Server.csproj", "{C9C4F0EF-0310-465E-9F7C-EF7BEC1B8C07}"
EndProject
Project("{9A19103F-16F7-4668-BE54-9A1E7A4F7556}") = "ProfessionalWebsite.Client", "ProfessionalWebsite\Client\ProfessionalWebsite.Client.csproj", "{87D65FEA-0A73-4BC6-B127-7647D613E96F}"
EndProject
Project("{9A19103F-16F7-4668-BE54-9A1E7A4F7556}") = "ProfessionalWebsite.Shared", "ProfessionalWebsite\Shared\ProfessionalWebsite.Shared.csproj", "{32597C38-429A-4490-8911-918617A179FC}"
EndProject
Global
	GlobalSection(SolutionConfigurationPlatforms) = preSolution
		Debug|Any CPU = Debug|Any CPU
		Release|Any CPU = Release|Any CPU
	EndGlobalSection
	GlobalSection(ProjectConfigurationPlatforms) = postSolution
		{C9C4F0EF-0310-465E-9F7C-EF7BEC1B8C07}.Debug|Any CPU.ActiveCfg = Debug|Any CPU
		{C9C4F0EF-0310-465E-9F7C-EF7BEC1B8C07}.Debug|Any CPU.Build.0 = Debug|Any CPU
		{C9C4F0EF-0310-465E-9F7C-EF7BEC1B8C07}.Release|Any CPU.ActiveCfg = Release|Any CPU
		{C9C4F0EF-0310-465E-9F7C-EF7BEC1B8C07}.Release|Any CPU.Build.0 = Release|Any CPU
		{87D65FEA-0A73-4BC6-B127-7647D613E96F}.Debug|Any CPU.ActiveCfg = Debug|Any CPU
		{87D65FEA-0A73-4BC6-B127-7647D613E96F}.Debug|Any CPU.Build.0 = Debug|Any CPU
		{87D65FEA-0A73-4BC6-B127-7647D613E96F}.Release|Any CPU.ActiveCfg = Release|Any CPU
		{87D65FEA-0A73-4BC6-B127-7647D613E96F}.Release|Any CPU.Build.0 = Release|Any CPU
		{32597C38-429A-4490-8911-918617A179FC}.Debug|Any CPU.ActiveCfg = Debug|Any CPU
		{32597C38-429A-4490-8911-918617A179FC}.Debug|Any CPU.Build.0 = Debug|Any CPU
		{32597C38-429A-4490-8911-918617A179FC}.Release|Any CPU.ActiveCfg = Release|Any CPU
		{32597C38-429A-4490-8911-918617A179FC}.Release|Any CPU.Build.0 = Release|Any CPU
	EndGlobalSection
	GlobalSection(SolutionProperties) = preSolution
		HideSolutionNode = FALSE
	EndGlobalSection
	GlobalSection(ExtensibilityGlobals) = postSolution
		SolutionGuid = {09F2D3D7-52EE-4425-AD07-8FD3C897FE31}
	EndGlobalSection
EndGlobal
